// !$*UTF8*$!
{
	archiveVersion = 1;
	classes = {
	};
	objectVersion = 46;
	objects = {

/* Begin PBXBuildFile section */
		FF883B731BC12A1900E20CC4 /* main.m in Sources */ = {isa = PBXBuildFile; fileRef = FF883B721BC12A1900E20CC4 /* main.m */; };
		FF883B761BC12A1900E20CC4 /* AppDelegate.m in Sources */ = {isa = PBXBuildFile; fileRef = FF883B751BC12A1900E20CC4 /* AppDelegate.m */; };
		FF883B791BC12A1900E20CC4 /* ViewController.m in Sources */ = {isa = PBXBuildFile; fileRef = FF883B781BC12A1900E20CC4 /* ViewController.m */; };
		FF883B7C1BC12A1900E20CC4 /* Main.storyboard in Resources */ = {isa = PBXBuildFile; fileRef = FF883B7A1BC12A1900E20CC4 /* Main.storyboard */; };
		FF883B7E1BC12A1900E20CC4 /* Images.xcassets in Resources */ = {isa = PBXBuildFile; fileRef = FF883B7D1BC12A1900E20CC4 /* Images.xcassets */; };
		FF883B811BC12A1900E20CC4 /* LaunchScreen.xib in Resources */ = {isa = PBXBuildFile; fileRef = FF883B7F1BC12A1900E20CC4 /* LaunchScreen.xib */; };
		FF883B8D1BC12A1900E20CC4 /* DemoLEDTests.m in Sources */ = {isa = PBXBuildFile; fileRef = FF883B8C1BC12A1900E20CC4 /* DemoLEDTests.m */; };
/* End PBXBuildFile section */

/* Begin PBXContainerItemProxy section */
		FF883B871BC12A1900E20CC4 /* PBXContainerItemProxy */ = {
			isa = PBXContainerItemProxy;
			containerPortal = FF883B651BC12A1900E20CC4 /* Project object */;
			proxyType = 1;
			remoteGlobalIDString = FF883B6C1BC12A1900E20CC4;
			remoteInfo = DemoLED;
		};
/* End PBXContainerItemProxy section */

/* Begin PBXFileReference section */
		FF883B6D1BC12A1900E20CC4 /* DemoLED.app */ = {isa = PBXFileReference; explicitFileType = wrapper.application; includeInIndex = 0; path = DemoLED.app; sourceTree = BUILT_PRODUCTS_DIR; };
		FF883B711BC12A1900E20CC4 /* Info.plist */ = {isa = PBXFileReference; lastKnownFileType = text.plist.xml; path = Info.plist; sourceTree = "<group>"; };
		FF883B721BC12A1900E20CC4 /* main.m */ = {isa = PBXFileReference; lastKnownFileType = sourcecode.c.objc; path = main.m; sourceTree = "<group>"; };
		FF883B741BC12A1900E20CC4 /* AppDelegate.h */ = {isa = PBXFileReference; lastKnownFileType = sourcecode.c.h; path = AppDelegate.h; sourceTree = "<group>"; };
		FF883B751BC12A1900E20CC4 /* AppDelegate.m */ = {isa = PBXFileReference; lastKnownFileType = sourcecode.c.objc; path = AppDelegate.m; sourceTree = "<group>"; };
		FF883B771BC12A1900E20CC4 /* ViewController.h */ = {isa = PBXFileReference; lastKnownFileType = sourcecode.c.h; path = ViewController.h; sourceTree = "<group>"; };
		FF883B781BC12A1900E20CC4 /* ViewController.m */ = {isa = PBXFileReference; lastKnownFileType = sourcecode.c.objc; path = ViewController.m; sourceTree = "<group>"; };
		FF883B7B1BC12A1900E20CC4 /* Base */ = {isa = PBXFileReference; lastKnownFileType = file.storyboard; name = Base; path = Base.lproj/Main.storyboard; sourceTree = "<group>"; };
		FF883B7D1BC12A1900E20CC4 /* Images.xcassets */ = {isa = PBXFileReference; lastKnownFileType = folder.assetcatalog; path = Images.xcassets; sourceTree = "<group>"; };
		FF883B801BC12A1900E20CC4 /* Base */ = {isa = PBXFileReference; lastKnownFileType = file.xib; name = Base; path = Base.lproj/LaunchScreen.xib; sourceTree = "<group>"; };
		FF883B861BC12A1900E20CC4 /* DemoLEDTests.xctest */ = {isa = PBXFileReference; explicitFileType = wrapper.cfbundle; includeInIndex = 0; path = DemoLEDTests.xctest; sourceTree = BUILT_PRODUCTS_DIR; };
		FF883B8B1BC12A1900E20CC4 /* Info.plist */ = {isa = PBXFileReference; lastKnownFileType = text.plist.xml; path = Info.plist; sourceTree = "<group>"; };
		FF883B8C1BC12A1900E20CC4 /* DemoLEDTests.m */ = {isa = PBXFileReference; lastKnownFileType = sourcecode.c.objc; path = DemoLEDTests.m; sourceTree = "<group>"; };
/* End PBXFileReference section */

/* Begin PBXFrameworksBuildPhase section */
		FF883B6A1BC12A1900E20CC4 /* Frameworks */ = {
			isa = PBXFrameworksBuildPhase;
			buildActionMask = 2147483647;
			files = (
			);
			runOnlyForDeploymentPostprocessing = 0;
		};
		FF883B831BC12A1900E20CC4 /* Frameworks */ = {
			isa = PBXFrameworksBuildPhase;
			buildActionMask = 2147483647;
			files = (
			);
			runOnlyForDeploymentPostprocessing = 0;
		};
/* End PBXFrameworksBuildPhase section */

/* Begin PBXGroup section */
		FF883B641BC12A1900E20CC4 = {
			isa = PBXGroup;
			children = (
				FF883B6F1BC12A1900E20CC4 /* DemoLED */,
				FF883B891BC12A1900E20CC4 /* DemoLEDTests */,
				FF883B6E1BC12A1900E20CC4 /* Products */,
			);
			sourceTree = "<group>";
		};
		FF883B6E1BC12A1900E20CC4 /* Products */ = {
			isa = PBXGroup;
			children = (
				FF883B6D1BC12A1900E20CC4 /* DemoLED.app */,
				FF883B861BC12A1900E20CC4 /* DemoLEDTests.xctest */,
			);
			name = Products;
			sourceTree = "<group>";
		};
		FF883B6F1BC12A1900E20CC4 /* DemoLED */ = {
			isa = PBXGroup;
			children = (
				FF883B741BC12A1900E20CC4 /* AppDelegate.h */,
				FF883B751BC12A1900E20CC4 /* AppDelegate.m */,
				FF883B771BC12A1900E20CC4 /* ViewController.h */,
				FF883B781BC12A1900E20CC4 /* ViewController.m */,
				FF883B7A1BC12A1900E20CC4 /* Main.storyboard */,
				FF883B7D1BC12A1900E20CC4 /* Images.xcassets */,
				FF883B7F1BC12A1900E20CC4 /* LaunchScreen.xib */,
				FF883B701BC12A1900E20CC4 /* Supporting Files */,
			);
			path = DemoLED;
			sourceTree = "<group>";
		};
		FF883B701BC12A1900E20CC4 /* Supporting Files */ = {
			isa = PBXGroup;
			children = (
				FF883B711BC12A1900E20CC4 /* Info.plist */,
				FF883B721BC12A1900E20CC4 /* main.m */,
			);
			name = "Supporting Files";
			sourceTree = "<group>";
		};
		FF883B891BC12A1900E20CC4 /* DemoLEDTests */ = {
			isa = PBXGroup;
			children = (
				FF883B8C1BC12A1900E20CC4 /* DemoLEDTests.m */,
				FF883B8A1BC12A1900E20CC4 /* Supporting Files */,
			);
			path = DemoLEDTests;
			sourceTree = "<group>";
		};
		FF883B8A1BC12A1900E20CC4 /* Supporting Files */ = {
			isa = PBXGroup;
			children = (
				FF883B8B1BC12A1900E20CC4 /* Info.plist */,
			);
			name = "Supporting Files";
			sourceTree = "<group>";
		};
/* End PBXGroup section */

/* Begin PBXNativeTarget section */
		FF883B6C1BC12A1900E20CC4 /* DemoLED */ = {
			isa = PBXNativeTarget;
			buildConfigurationList = FF883B901BC12A1900E20CC4 /* Build configuration list for PBXNativeTarget "DemoLED" */;
			buildPhases = (
				FF883B691BC12A1900E20CC4 /* Sources */,
				FF883B6A1BC12A1900E20CC4 /* Frameworks */,
				FF883B6B1BC12A1900E20CC4 /* Resources */,
			);
			buildRules = (
			);
			dependencies = (
			);
			name = DemoLED;
			productName = DemoLED;
			productReference = FF883B6D1BC12A1900E20CC4 /* DemoLED.app */;
			productType = "com.apple.product-type.application";
		};
		FF883B851BC12A1900E20CC4 /* DemoLEDTests */ = {
			isa = PBXNativeTarget;
			buildConfigurationList = FF883B931BC12A1900E20CC4 /* Build configuration list for PBXNativeTarget "DemoLEDTests" */;
			buildPhases = (
				FF883B821BC12A1900E20CC4 /* Sources */,
				FF883B831BC12A1900E20CC4 /* Frameworks */,
				FF883B841BC12A1900E20CC4 /* Resources */,
			);
			buildRules = (
			);
			dependencies = (
				FF883B881BC12A1900E20CC4 /* PBXTargetDependency */,
			);
			name = DemoLEDTests;
			productName = DemoLEDTests;
			productReference = FF883B861BC12A1900E20CC4 /* DemoLEDTests.xctest */;
			productType = "com.apple.product-type.bundle.unit-test";
		};
/* End PBXNativeTarget section */

/* Begin PBXProject section */
		FF883B651BC12A1900E20CC4 /* Project object */ = {
			isa = PBXProject;
			attributes = {
				LastUpgradeCheck = 0640;
				ORGANIZATIONNAME = TienVV;
				TargetAttributes = {
					FF883B6C1BC12A1900E20CC4 = {
						CreatedOnToolsVersion = 6.4;
					};
					FF883B851BC12A1900E20CC4 = {
						CreatedOnToolsVersion = 6.4;
						TestTargetID = FF883B6C1BC12A1900E20CC4;
					};
				};
			};
			buildConfigurationList = FF883B681BC12A1900E20CC4 /* Build configuration list for PBXProject "DemoLED" */;
			compatibilityVersion = "Xcode 3.2";
			developmentRegion = English;
			hasScannedForEncodings = 0;
			knownRegions = (
				en,
				Base,
			);
			mainGroup = FF883B641BC12A1900E20CC4;
			productRefGroup = FF883B6E1BC12A1900E20CC4 /* Products */;
			projectDirPath = "";
			projectRoot = "";
			targets = (
				FF883B6C1BC12A1900E20CC4 /* DemoLED */,
				FF883B851BC12A1900E20CC4 /* DemoLEDTests */,
			);
		};
/* End PBXProject section */

/* Begin PBXResourcesBuildPhase section */
		FF883B6B1BC12A1900E20CC4 /* Resources */ = {
			isa = PBXResourcesBuildPhase;
			buildActionMask = 2147483647;
			files = (
				FF883B7C1BC12A1900E20CC4 /* Main.storyboard in Resources */,
				FF883B811BC12A1900E20CC4 /* LaunchScreen.xib in Resources */,
				FF883B7E1BC12A1900E20CC4 /* Images.xcassets in Resources */,
			);
			runOnlyForDeploymentPostprocessing = 0;
		};
		FF883B841BC12A1900E20CC4 /* Resources */ = {
			isa = PBXResourcesBuildPhase;
			buildActionMask = 2147483647;
			files = (
			);
			runOnlyForDeploymentPostprocessing = 0;
		};
/* End PBXResourcesBuildPhase section */

/* Begin PBXSourcesBuildPhase section */
		FF883B691BC12A1900E20CC4 /* Sources */ = {
			isa = PBXSourcesBuildPhase;
			buildActionMask = 2147483647;
			files = (
				FF883B791BC12A1900E20CC4 /* ViewController.m in Sources */,
				FF883B761BC12A1900E20CC4 /* AppDelegate.m in Sources */,
				FF883B731BC12A1900E20CC4 /* main.m in Sources */,
			);
			runOnlyForDeploymentPostprocessing = 0;
		};
		FF883B821BC12A1900E20CC4 /* Sources */ = {
			isa = PBXSourcesBuildPhase;
			buildActionMask = 2147483647;
			files = (
				FF883B8D1BC12A1900E20CC4 /* DemoLEDTests.m in Sources */,
			);
			runOnlyForDeploymentPostprocessing = 0;
		};
/* End PBXSourcesBuildPhase section */

/* Begin PBXTargetDependency section */
		FF883B881BC12A1900E20CC4 /* PBXTargetDependency */ = {
			isa = PBXTargetDependency;
			target = FF883B6C1BC12A1900E20CC4 /* DemoLED */;
			targetProxy = FF883B871BC12A1900E20CC4 /* PBXContainerItemProxy */;
		};
/* End PBXTargetDependency section */

/* Begin PBXVariantGroup section */
		FF883B7A1BC12A1900E20CC4 /* Main.storyboard */ = {
			isa = PBXVariantGroup;
			children = (
				FF883B7B1BC12A1900E20CC4 /* Base */,
			);
			name = Main.storyboard;
			sourceTree = "<group>";
		};
		FF883B7F1BC12A1900E20CC4 /* LaunchScreen.xib */ = {
			isa = PBXVariantGroup;
			children = (
				FF883B801BC12A1900E20CC4 /* Base */,
			);
			name = LaunchScreen.xib;
			sourceTree = "<group>";
		};
/* End PBXVariantGroup section */

/* Begin XCBuildConfiguration section */
		FF883B8E1BC12A1900E20CC4 /* Debug */ = {
			isa = XCBuildConfiguration;
			buildSettings = {
				ALWAYS_SEARCH_USER_PATHS = NO;
				CLANG_CXX_LANGUAGE_STANDARD = "gnu++0x";
				CLANG_CXX_LIBRARY = "libc++";
				CLANG_ENABLE_MODULES = YES;
				CLANG_ENABLE_OBJC_ARC = YES;
				CLANG_WARN_BOOL_CONVERSION = YES;
				CLANG_WARN_CONSTANT_CONVERSION = YES;
				CLANG_WARN_DIRECT_OBJC_ISA_USAGE = YES_ERROR;
				CLANG_WARN_EMPTY_BODY = YES;
				CLANG_WARN_ENUM_CONVERSION = YES;
				CLANG_WARN_INT_CONVERSION = YES;
				CLANG_WARN_OBJC_ROOT_CLASS = YES_ERROR;
				CLANG_WARN_UNREACHABLE_CODE = YES;
				CLANG_WARN__DUPLICATE_METHOD_MATCH = YES;
				"CODE_SIGN_IDENTITY[sdk=iphoneos*]" = "iPhone Developer";
				COPY_PHASE_STRIP = NO;
				DEBUG_INFORMATION_FORMAT = "dwarf-with-dsym";
				ENABLE_STRICT_OBJC_MSGSEND = YES;
				GCC_C_LANGUAGE_STANDARD = gnu99;
				GCC_DYNAMIC_NO_PIC = NO;
				GCC_NO_COMMON_BLOCKS = YES;
				GCC_OPTIMIZATION_LEVEL = 0;
				GCC_PREPROCESSOR_DEFINITIONS = (
					"DEBUG=1",
					"$(inherited)",
				);
				GCC_SYMBOLS_PRIVATE_EXTERN = NO;
				GCC_WARN_64_TO_32_BIT_CONVERSION = YES;
				GCC_WARN_ABOUT_RETURN_TYPE = YES_ERROR;
				GCC_WARN_UNDECLARED_SELECTOR = YES;
				GCC_WARN_UNINITIALIZED_AUTOS = YES_AGGRESSIVE;
				GCC_WARN_UNUSED_FUNCTION = YES;
				GCC_WARN_UNUSED_VARIABLE = YES;
				IPHONEOS_DEPLOYMENT_TARGET = 8.4;
				MTL_ENABLE_DEBUG_INFO = YES;
				ONLY_ACTIVE_ARCH = YES;
				SDKROOT = iphoneos;
			};
			name = Debug;
		};
		FF883B8F1BC12A1900E20CC4 /* Release */ = {
			isa = XCBuildConfiguration;
			buildSettings = {
				ALWAYS_SEARCH_USER_PATHS = NO;
				CLANG_CXX_LANGUAGE_STANDARD = "gnu++0x";
				CLANG_CXX_LIBRARY = "libc++";
				CLANG_ENABLE_MODULES = YES;
				CLANG_ENABLE_OBJC_ARC = YES;
				CLANG_WARN_BOOL_CONVERSION = YES;
				CLANG_WARN_CONSTANT_CONVERSION = YES;
				CLANG_WARN_DIRECT_OBJC_ISA_USAGE = YES_ERROR;
				CLANG_WARN_EMPTY_BODY = YES;
				CLANG_WARN_ENUM_CONVERSION = YES;
				CLANG_WARN_INT_CONVERSION = YES;
				CLANG_WARN_OBJC_ROOT_CLASS = YES_ERROR;
				CLANG_WARN_UNREACHABLE_CODE = YES;
				CLANG_WARN__DUPLICATE_METHOD_MATCH = YES;
				"CODE_SIGN_IDENTITY[sdk=iphoneos*]" = "iPhone Developer";
				COPY_PHASE_STRIP = NO;
				DEBUG_INFORMATION_FORMAT = "dwarf-with-dsym";
				ENABLE_NS_ASSERTIONS = NO;
				ENABLE_STRICT_OBJC_MSGSEND = YES;
				GCC_C_LANGUAGE_STANDARD = gnu99;
				GCC_NO_COMMON_BLOCKS = YES;
				GCC_WARN_64_TO_32_BIT_CONVERSION = YES;
				GCC_WARN_ABOUT_RETURN_TYPE = YES_ERROR;
				GCC_WARN_UNDECLARED_SELECTOR = YES;
				GCC_WARN_UNINITIALIZED_AUTOS = YES_AGGRESSIVE;
				GCC_WARN_UNUSED_FUNCTION = YES;
				GCC_WARN_UNUSED_VARIABLE = YES;
				IPHONEOS_DEPLOYMENT_TARGET = 8.4;
				MTL_ENABLE_DEBUG_INFO = NO;
				SDKROOT = iphoneos;
				VALIDATE_PRODUCT = YES;
			};
			name = Release;
		};
		FF883B911BC12A1900E20CC4 /* Debug */ = {
			isa = XCBuildConfiguration;
			buildSettings = {
				ASSETCATALOG_COMPILER_APPICON_NAME = AppIcon;
				INFOPLIST_FILE = DemoLED/Info.plist;
				LD_RUNPATH_SEARCH_PATHS = "$(inherited) @executable_path/Frameworks";
				PRODUCT_NAME = DemoLED;
			};
			name = Debug;
		};
		FF883B921BC12A1900E20CC4 /* Release */ = {
			isa = XCBuildConfiguration;
			buildSettings = {
				ASSETCATALOG_COMPILER_APPICON_NAME = AppIcon;
				INFOPLIST_FILE = DemoLED/Info.plist;
				LD_RUNPATH_SEARCH_PATHS = "$(inherited) @executable_path/Frameworks";
				PRODUCT_NAME = DemoLED;
			};
			name = Release;
		};
		FF883B941BC12A1900E20CC4 /* Debug */ = {
			isa = XCBuildConfiguration;
			buildSettings = {
				BUNDLE_LOADER = "$(TEST_HOST)";
				FRAMEWORK_SEARCH_PATHS = (
					"$(SDKROOT)/Developer/Library/Frameworks",
					"$(inherited)",
				);
				GCC_PREPROCESSOR_DEFINITIONS = (
					"DEBUG=1",
					"$(inherited)",
				);
				INFOPLIST_FILE = DemoLEDTests/Info.plist;
				LD_RUNPATH_SEARCH_PATHS = "$(inherited) @executable_path/Frameworks @loader_path/Frameworks";
				PRODUCT_NAME = DemoLEDTests;
				TEST_HOST = "$(BUILT_PRODUCTS_DIR)/DemoLED.app/DemoLED";
			};
			name = Debug;
		};
		FF883B951BC12A1900E20CC4 /* Release */ = {
			isa = XCBuildConfiguration;
			buildSettings = {
				BUNDLE_LOADER = "$(TEST_HOST)";
				FRAMEWORK_SEARCH_PATHS = (
					"$(SDKROOT)/Developer/Library/Frameworks",
					"$(inherited)",
				);
				INFOPLIST_FILE = DemoLEDTests/Info.plist;
				LD_RUNPATH_SEARCH_PATHS = "$(inherited) @executable_path/Frameworks @loader_path/Frameworks";
				PRODUCT_NAME = DemoLEDTests;
				TEST_HOST = "$(BUILT_PRODUCTS_DIR)/DemoLED.app/DemoLED";
			};
			name = Release;
		};
/* End XCBuildConfiguration section */

/* Begin XCConfigurationList section */
		FF883B681BC12A1900E20CC4 /* Build configuration list for PBXProject "DemoLED" */ = {
			isa = XCConfigurationList;
			buildConfigurations = (
				FF883B8E1BC12A1900E20CC4 /* Debug */,
				FF883B8F1BC12A1900E20CC4 /* Release */,
			);
			defaultConfigurationIsVisible = 0;
			defaultConfigurationName = Release;
		};
		FF883B901BC12A1900E20CC4 /* Build configuration list for PBXNativeTarget "DemoLED" */ = {
			isa = XCConfigurationList;
			buildConfigurations = (
				FF883B911BC12A1900E20CC4 /* Debug */,
				FF883B921BC12A1900E20CC4 /* Release */,
			);
			defaultConfigurationIsVisible = 0;
			defaultConfigurationName = Release;
		};
		FF883B931BC12A1900E20CC4 /* Build configuration list for PBXNativeTarget "DemoLEDTests" */ = {
			isa = XCConfigurationList;
			buildConfigurations = (
				FF883B941BC12A1900E20CC4 /* Debug */,
				FF883B951BC12A1900E20CC4 /* Release */,
			);
			defaultConfigurationIsVisible = 0;
			defaultConfigurationName = Release;
		};
/* End XCConfigurationList section */
	};
	rootObject = FF883B651BC12A1900E20CC4 /* Project object */;
}
